<Solution>
  <Folder Name="/src/">
    <Project Path="src/Core.Application/Core.Application.csproj" />
    <Project Path="src/Core.Domain/Core.Domain.csproj" />
    <Project Path="src/Infrastructure/Infrastructure.csproj" />
    <Project Path="src/Presentation.API/Presentation.API.csproj" />
  </Folder>
</Solution>
